
Microsoft Visual Studio Solution File, Format Version 12.00
# Visual Studio Version 17
VisualStudioVersion = 17.10.35013.160
MinimumVisualStudioVersion = 10.0.40219.1
Project("{8BC9CEB8-8B4A-11D0-8D11-00A0C91BC942}") = "terrain-generation-spec", "terrain-generation-spec.vcxproj", "{7B476B54-E171-4F11-84C7-4CA2F2DC7399}"
EndProject
Global
	GlobalSection(SolutionConfigurationPlatforms) = preSolution
		Debug|x64 = Debug|x64
		Debug|x86 = Debug|x86
		Release|x64 = Release|x64
		Release|x86 = Release|x86
	EndGlobalSection
	GlobalSection(ProjectConfigurationPlatforms) = postSolution
		{7B476B54-E171-4F11-84C7-4CA2F2DC7399}.Debug|x64.ActiveCfg = Debug|x64
		{7B476B54-E171-4F11-84C7-4CA2F2DC7399}.Debug|x64.Build.0 = Debug|x64
		{7B476B54-E171-4F11-84C7-4CA2F2DC7399}.Debug|x86.ActiveCfg = Debug|Win32
		{7B476B54-E171-4F11-84C7-4CA2F2DC7399}.Debug|x86.Build.0 = Debug|Win32
		{7B476B54-E171-4F11-84C7-4CA2F2DC7399}.Release|x64.ActiveCfg = Release|x64
		{7B476B54-E171-4F11-84C7-4CA2F2DC7399}.Release|x64.Build.0 = Release|x64
		{7B476B54-E171-4F11-84C7-4CA2F2DC7399}.Release|x86.ActiveCfg = Release|Win32
		{7B476B54-E171-4F11-84C7-4CA2F2DC7399}.Release|x86.Build.0 = Release|Win32
	EndGlobalSection
	GlobalSection(SolutionProperties) = preSolution
		HideSolutionNode = FALSE
	EndGlobalSection
	GlobalSection(ExtensibilityGlobals) = postSolution
		SolutionGuid = {5B530F53-D272-4430-BFEE-87A19043507E}
	EndGlobalSection
EndGlobal
